
Microsoft Visual Studio Solution File, Format Version 12.00
# Visual Studio Version 16
VisualStudioVersion = 16.0.33027.164
MinimumVisualStudioVersion = 10.0.40219.1
Project("{FAE04EC0-301F-11D3-BF4B-00C04F79EFBC}") = "Avaliação", "Avaliação.csproj", "{30B1355B-898B-48B3-9EB1-975CC37C1A4F}"
EndProject
Global
	GlobalSection(SolutionConfigurationPlatforms) = preSolution
		Debug|Any CPU = Debug|Any CPU
		Release|Any CPU = Release|Any CPU
	EndGlobalSection
	GlobalSection(ProjectConfigurationPlatforms) = postSolution
		{30B1355B-898B-48B3-9EB1-975CC37C1A4F}.Debug|Any CPU.ActiveCfg = Debug|Any CPU
		{30B1355B-898B-48B3-9EB1-975CC37C1A4F}.Debug|Any CPU.Build.0 = Debug|Any CPU
		{30B1355B-898B-48B3-9EB1-975CC37C1A4F}.Release|Any CPU.ActiveCfg = Release|Any CPU
		{30B1355B-898B-48B3-9EB1-975CC37C1A4F}.Release|Any CPU.Build.0 = Release|Any CPU
	EndGlobalSection
	GlobalSection(SolutionProperties) = preSolution
		HideSolutionNode = FALSE
	EndGlobalSection
	GlobalSection(ExtensibilityGlobals) = postSolution
		SolutionGuid = {B23AD7CB-8A09-44B3-97C6-88867D52B38B}
	EndGlobalSection
EndGlobal
