
Microsoft Visual Studio Solution File, Format Version 12.00
# Visual Studio Version 16
VisualStudioVersion = 16.0.33027.164
MinimumVisualStudioVersion = 10.0.40219.1
Project("{FAE04EC0-301F-11D3-BF4B-00C04F79EFBC}") = "Exemplo01", "Exemplo01.csproj", "{D0014E2E-D5E1-4945-9863-3645459E9DAE}"
EndProject
Global
	GlobalSection(SolutionConfigurationPlatforms) = preSolution
		Debug|Any CPU = Debug|Any CPU
		Release|Any CPU = Release|Any CPU
	EndGlobalSection
	GlobalSection(ProjectConfigurationPlatforms) = postSolution
		{D0014E2E-D5E1-4945-9863-3645459E9DAE}.Debug|Any CPU.ActiveCfg = Debug|Any CPU
		{D0014E2E-D5E1-4945-9863-3645459E9DAE}.Debug|Any CPU.Build.0 = Debug|Any CPU
		{D0014E2E-D5E1-4945-9863-3645459E9DAE}.Release|Any CPU.ActiveCfg = Release|Any CPU
		{D0014E2E-D5E1-4945-9863-3645459E9DAE}.Release|Any CPU.Build.0 = Release|Any CPU
	EndGlobalSection
	GlobalSection(SolutionProperties) = preSolution
		HideSolutionNode = FALSE
	EndGlobalSection
	GlobalSection(ExtensibilityGlobals) = postSolution
		SolutionGuid = {C3B5F224-D19B-4C16-B73C-CEA8DE3688D8}
	EndGlobalSection
EndGlobal
